
Microsoft Visual Studio Solution File, Format Version 12.00
# Visual Studio Version 16
VisualStudioVersion = 16.0.30114.105
MinimumVisualStudioVersion = 10.0.40219.1
Project("{FAE04EC0-301F-11D3-BF4B-00C04F79EFBC}") = "CSharpCollectionVol1", "CSharpCollectionVol1\CSharpCollectionVol1.csproj", "{186A2029-40CB-44B4-93EB-F119C0006ABB}"
EndProject
Project("{54435603-DBB4-11D2-8724-00A0C9A8B90C}") = "CSharpCollection Setup", "CSharpCollection Setup\CSharpCollection Setup.vdproj", "{646C8A50-7E9E-4F96-AA1F-296A1273D142}"
EndProject
Global
	GlobalSection(SolutionConfigurationPlatforms) = preSolution
		Debug|Any CPU = Debug|Any CPU
		Release|Any CPU = Release|Any CPU
	EndGlobalSection
	GlobalSection(ProjectConfigurationPlatforms) = postSolution
		{186A2029-40CB-44B4-93EB-F119C0006ABB}.Debug|Any CPU.ActiveCfg = Debug|Any CPU
		{186A2029-40CB-44B4-93EB-F119C0006ABB}.Debug|Any CPU.Build.0 = Debug|Any CPU
		{186A2029-40CB-44B4-93EB-F119C0006ABB}.Release|Any CPU.ActiveCfg = Release|Any CPU
		{186A2029-40CB-44B4-93EB-F119C0006ABB}.Release|Any CPU.Build.0 = Release|Any CPU
		{646C8A50-7E9E-4F96-AA1F-296A1273D142}.Debug|Any CPU.ActiveCfg = Debug
		{646C8A50-7E9E-4F96-AA1F-296A1273D142}.Release|Any CPU.ActiveCfg = Release
	EndGlobalSection
	GlobalSection(SolutionProperties) = preSolution
		HideSolutionNode = FALSE
	EndGlobalSection
	GlobalSection(ExtensibilityGlobals) = postSolution
		SolutionGuid = {E85E069B-E116-454A-9F1F-9E0EC04FA734}
	EndGlobalSection
EndGlobal
